
Microsoft Visual Studio Solution File, Format Version 12.00
# Visual Studio Version 17
VisualStudioVersion = 17.12.35527.113 d17.12
MinimumVisualStudioVersion = 10.0.40219.1
Project("{FAE04EC0-301F-11D3-BF4B-00C04F79EFBC}") = "SkyShop.DAL", "src\SkyShop.DAL\SkyShop.DAL.csproj", "{50F50922-D7C3-4E51-AADA-C09A3C67D7A0}"
EndProject
Project("{FAE04EC0-301F-11D3-BF4B-00C04F79EFBC}") = "SkyShop.PL", "src\SkyShop.PL\SkyShop.PL.csproj", "{B5D9255E-2673-4D0D-91C0-4DE9D0DE9DFD}"
EndProject
Global
	GlobalSection(SolutionConfigurationPlatforms) = preSolution
		Debug|Any CPU = Debug|Any CPU
		Release|Any CPU = Release|Any CPU
	EndGlobalSection
	GlobalSection(ProjectConfigurationPlatforms) = postSolution
		{50F50922-D7C3-4E51-AADA-C09A3C67D7A0}.Debug|Any CPU.ActiveCfg = Debug|Any CPU
		{50F50922-D7C3-4E51-AADA-C09A3C67D7A0}.Debug|Any CPU.Build.0 = Debug|Any CPU
		{50F50922-D7C3-4E51-AADA-C09A3C67D7A0}.Release|Any CPU.ActiveCfg = Release|Any CPU
		{50F50922-D7C3-4E51-AADA-C09A3C67D7A0}.Release|Any CPU.Build.0 = Release|Any CPU
		{B5D9255E-2673-4D0D-91C0-4DE9D0DE9DFD}.Debug|Any CPU.ActiveCfg = Debug|Any CPU
		{B5D9255E-2673-4D0D-91C0-4DE9D0DE9DFD}.Debug|Any CPU.Build.0 = Debug|Any CPU
		{B5D9255E-2673-4D0D-91C0-4DE9D0DE9DFD}.Release|Any CPU.ActiveCfg = Release|Any CPU
		{B5D9255E-2673-4D0D-91C0-4DE9D0DE9DFD}.Release|Any CPU.Build.0 = Release|Any CPU
	EndGlobalSection
	GlobalSection(SolutionProperties) = preSolution
		HideSolutionNode = FALSE
	EndGlobalSection
EndGlobal
